
Microsoft Visual Studio Solution File, Format Version 12.00
Project("{FAE04EC0-301F-11D3-BF4B-00C04F79EFBC}") = "WorkFlow", "WorkFlow\WorkFlow.csproj", "{AD7F74D1-AC05-41A3-8036-142E6CC109E5}"
EndProject
Global
	GlobalSection(SolutionConfigurationPlatforms) = preSolution
		Debug|Any CPU = Debug|Any CPU
		Release|Any CPU = Release|Any CPU
	EndGlobalSection
	GlobalSection(ProjectConfigurationPlatforms) = postSolution
		{AD7F74D1-AC05-41A3-8036-142E6CC109E5}.Debug|Any CPU.ActiveCfg = Debug|Any CPU
		{AD7F74D1-AC05-41A3-8036-142E6CC109E5}.Debug|Any CPU.Build.0 = Debug|Any CPU
		{AD7F74D1-AC05-41A3-8036-142E6CC109E5}.Release|Any CPU.ActiveCfg = Release|Any CPU
		{AD7F74D1-AC05-41A3-8036-142E6CC109E5}.Release|Any CPU.Build.0 = Release|Any CPU
	EndGlobalSection
EndGlobal
